
Microsoft Visual Studio Solution File, Format Version 12.00
# Visual Studio Version 16
VisualStudioVersion = 16.0.31025.194
MinimumVisualStudioVersion = 10.0.40219.1
Project("{FAE04EC0-301F-11D3-BF4B-00C04F79EFBC}") = "HW-08.3", "HW-08.3\HW-08.3.csproj", "{D133791A-B0DB-437B-AACB-3372BD36D9C5}"
EndProject
Global
	GlobalSection(SolutionConfigurationPlatforms) = preSolution
		Debug|Any CPU = Debug|Any CPU
		Release|Any CPU = Release|Any CPU
	EndGlobalSection
	GlobalSection(ProjectConfigurationPlatforms) = postSolution
		{D133791A-B0DB-437B-AACB-3372BD36D9C5}.Debug|Any CPU.ActiveCfg = Debug|Any CPU
		{D133791A-B0DB-437B-AACB-3372BD36D9C5}.Debug|Any CPU.Build.0 = Debug|Any CPU
		{D133791A-B0DB-437B-AACB-3372BD36D9C5}.Release|Any CPU.ActiveCfg = Release|Any CPU
		{D133791A-B0DB-437B-AACB-3372BD36D9C5}.Release|Any CPU.Build.0 = Release|Any CPU
	EndGlobalSection
	GlobalSection(SolutionProperties) = preSolution
		HideSolutionNode = FALSE
	EndGlobalSection
	GlobalSection(ExtensibilityGlobals) = postSolution
		SolutionGuid = {D11F82E6-06E6-4A3D-90BF-8AFDC4B12D66}
	EndGlobalSection
EndGlobal
